
Microsoft Visual Studio Solution File, Format Version 12.00
# Visual Studio 15
VisualStudioVersion = 15.0.26124.0
MinimumVisualStudioVersion = 15.0.26124.0
Project("{FAE04EC0-301F-11D3-BF4B-00C04F79EFBC}") = "storebaeltLibrary", "storebaeltLibrary\storebaeltLibrary.csproj", "{29AF72EF-E067-4616-AA96-0AEA378F7038}"
EndProject
Project("{FAE04EC0-301F-11D3-BF4B-00C04F79EFBC}") = "storebaeltLibrary.Tests", "storebaeltLibrary.Tests\storebaeltLibrary.Tests.csproj", "{E6F8B278-8E11-48AD-B96F-915CDAF336E9}"
EndProject
Global
	GlobalSection(SolutionConfigurationPlatforms) = preSolution
		Debug|Any CPU = Debug|Any CPU
		Debug|x64 = Debug|x64
		Debug|x86 = Debug|x86
		Release|Any CPU = Release|Any CPU
		Release|x64 = Release|x64
		Release|x86 = Release|x86
	EndGlobalSection
	GlobalSection(SolutionProperties) = preSolution
		HideSolutionNode = FALSE
	EndGlobalSection
	GlobalSection(ProjectConfigurationPlatforms) = postSolution
		{29AF72EF-E067-4616-AA96-0AEA378F7038}.Debug|Any CPU.ActiveCfg = Debug|Any CPU
		{29AF72EF-E067-4616-AA96-0AEA378F7038}.Debug|Any CPU.Build.0 = Debug|Any CPU
		{29AF72EF-E067-4616-AA96-0AEA378F7038}.Debug|x64.ActiveCfg = Debug|x64
		{29AF72EF-E067-4616-AA96-0AEA378F7038}.Debug|x64.Build.0 = Debug|x64
		{29AF72EF-E067-4616-AA96-0AEA378F7038}.Debug|x86.ActiveCfg = Debug|x86
		{29AF72EF-E067-4616-AA96-0AEA378F7038}.Debug|x86.Build.0 = Debug|x86
		{29AF72EF-E067-4616-AA96-0AEA378F7038}.Release|Any CPU.ActiveCfg = Release|Any CPU
		{29AF72EF-E067-4616-AA96-0AEA378F7038}.Release|Any CPU.Build.0 = Release|Any CPU
		{29AF72EF-E067-4616-AA96-0AEA378F7038}.Release|x64.ActiveCfg = Release|x64
		{29AF72EF-E067-4616-AA96-0AEA378F7038}.Release|x64.Build.0 = Release|x64
		{29AF72EF-E067-4616-AA96-0AEA378F7038}.Release|x86.ActiveCfg = Release|x86
		{29AF72EF-E067-4616-AA96-0AEA378F7038}.Release|x86.Build.0 = Release|x86
		{E6F8B278-8E11-48AD-B96F-915CDAF336E9}.Debug|Any CPU.ActiveCfg = Debug|Any CPU
		{E6F8B278-8E11-48AD-B96F-915CDAF336E9}.Debug|Any CPU.Build.0 = Debug|Any CPU
		{E6F8B278-8E11-48AD-B96F-915CDAF336E9}.Debug|x64.ActiveCfg = Debug|x64
		{E6F8B278-8E11-48AD-B96F-915CDAF336E9}.Debug|x64.Build.0 = Debug|x64
		{E6F8B278-8E11-48AD-B96F-915CDAF336E9}.Debug|x86.ActiveCfg = Debug|x86
		{E6F8B278-8E11-48AD-B96F-915CDAF336E9}.Debug|x86.Build.0 = Debug|x86
		{E6F8B278-8E11-48AD-B96F-915CDAF336E9}.Release|Any CPU.ActiveCfg = Release|Any CPU
		{E6F8B278-8E11-48AD-B96F-915CDAF336E9}.Release|Any CPU.Build.0 = Release|Any CPU
		{E6F8B278-8E11-48AD-B96F-915CDAF336E9}.Release|x64.ActiveCfg = Release|x64
		{E6F8B278-8E11-48AD-B96F-915CDAF336E9}.Release|x64.Build.0 = Release|x64
		{E6F8B278-8E11-48AD-B96F-915CDAF336E9}.Release|x86.ActiveCfg = Release|x86
		{E6F8B278-8E11-48AD-B96F-915CDAF336E9}.Release|x86.Build.0 = Release|x86
	EndGlobalSection
EndGlobal
